
Microsoft Visual Studio Solution File, Format Version 12.00
# Visual Studio Version 17
VisualStudioVersion = 17.10.34916.146
MinimumVisualStudioVersion = 10.0.40219.1
Project("{9A19103F-16F7-4668-BE54-9A1E7A4F7556}") = "WallpaperUI", "WallpaperUI\WallpaperUI.csproj", "{1BCFE8D9-0A96-4C01-9761-89DBF54700B4}"
EndProject
Global
	GlobalSection(SolutionConfigurationPlatforms) = preSolution
		Debug|Any CPU = Debug|Any CPU
		Release|Any CPU = Release|Any CPU
	EndGlobalSection
	GlobalSection(ProjectConfigurationPlatforms) = postSolution
		{1BCFE8D9-0A96-4C01-9761-89DBF54700B4}.Debug|Any CPU.ActiveCfg = Debug|Any CPU
		{1BCFE8D9-0A96-4C01-9761-89DBF54700B4}.Debug|Any CPU.Build.0 = Debug|Any CPU
		{1BCFE8D9-0A96-4C01-9761-89DBF54700B4}.Release|Any CPU.ActiveCfg = Release|Any CPU
		{1BCFE8D9-0A96-4C01-9761-89DBF54700B4}.Release|Any CPU.Build.0 = Release|Any CPU
	EndGlobalSection
	GlobalSection(SolutionProperties) = preSolution
		HideSolutionNode = FALSE
	EndGlobalSection
	GlobalSection(ExtensibilityGlobals) = postSolution
		SolutionGuid = {32D73476-EA27-40E3-889D-4D298668EEE6}
	EndGlobalSection
EndGlobal
