
Microsoft Visual Studio Solution File, Format Version 12.00
# Visual Studio Version 17
VisualStudioVersion = 17.5.002.0
MinimumVisualStudioVersion = 10.0.40219.1
Project("{9A19103F-16F7-4668-BE54-9A1E7A4F7556}") = "WallpaperUI", "WallpaperUI.csproj", "{3675FD02-2EF1-4013-880D-DAB4C8F256EC}"
EndProject
Global
	GlobalSection(SolutionConfigurationPlatforms) = preSolution
		Debug|Any CPU = Debug|Any CPU
		Release|Any CPU = Release|Any CPU
	EndGlobalSection
	GlobalSection(ProjectConfigurationPlatforms) = postSolution
		{3675FD02-2EF1-4013-880D-DAB4C8F256EC}.Debug|Any CPU.ActiveCfg = Debug|Any CPU
		{3675FD02-2EF1-4013-880D-DAB4C8F256EC}.Debug|Any CPU.Build.0 = Debug|Any CPU
		{3675FD02-2EF1-4013-880D-DAB4C8F256EC}.Release|Any CPU.ActiveCfg = Release|Any CPU
		{3675FD02-2EF1-4013-880D-DAB4C8F256EC}.Release|Any CPU.Build.0 = Release|Any CPU
	EndGlobalSection
	GlobalSection(SolutionProperties) = preSolution
		HideSolutionNode = FALSE
	EndGlobalSection
	GlobalSection(ExtensibilityGlobals) = postSolution
		SolutionGuid = {6B618F16-3C9B-4FB6-854B-A9637AD3C47B}
	EndGlobalSection
EndGlobal
